
Microsoft Visual Studio Solution File, Format Version 12.00
# Visual Studio 15
VisualStudioVersion = 15.0.28010.2046
MinimumVisualStudioVersion = 10.0.40219.1
Project("{8BC9CEB8-8B4A-11D0-8D11-00A0C91BC942}") = "parallel_robot", "parallel_robot\parallel_robot.vcxproj", "{72440DA9-E230-47C0-B30E-86F245134A6D}"
EndProject
Project("{8BC9CEB8-8B4A-11D0-8D11-00A0C91BC942}") = "robotsimulation", "F:\b14vip - Copy\b14vip - Copy\robotsimulation\robotsimulation.vcxproj", "{32EAE4DB-345E-475C-9A48-65F918A38749}"
EndProject
Global
	GlobalSection(SolutionConfigurationPlatforms) = preSolution
		Debug|x64 = Debug|x64
		Debug|x86 = Debug|x86
		Release|x64 = Release|x64
		Release|x86 = Release|x86
	EndGlobalSection
	GlobalSection(ProjectConfigurationPlatforms) = postSolution
		{72440DA9-E230-47C0-B30E-86F245134A6D}.Debug|x64.ActiveCfg = Debug|x64
		{72440DA9-E230-47C0-B30E-86F245134A6D}.Debug|x64.Build.0 = Debug|x64
		{72440DA9-E230-47C0-B30E-86F245134A6D}.Debug|x86.ActiveCfg = Debug|Win32
		{72440DA9-E230-47C0-B30E-86F245134A6D}.Debug|x86.Build.0 = Debug|Win32
		{72440DA9-E230-47C0-B30E-86F245134A6D}.Release|x64.ActiveCfg = Release|x64
		{72440DA9-E230-47C0-B30E-86F245134A6D}.Release|x64.Build.0 = Release|x64
		{72440DA9-E230-47C0-B30E-86F245134A6D}.Release|x86.ActiveCfg = Release|Win32
		{72440DA9-E230-47C0-B30E-86F245134A6D}.Release|x86.Build.0 = Release|Win32
		{32EAE4DB-345E-475C-9A48-65F918A38749}.Debug|x64.ActiveCfg = Debug|x64
		{32EAE4DB-345E-475C-9A48-65F918A38749}.Debug|x64.Build.0 = Debug|x64
		{32EAE4DB-345E-475C-9A48-65F918A38749}.Debug|x86.ActiveCfg = Debug|Win32
		{32EAE4DB-345E-475C-9A48-65F918A38749}.Debug|x86.Build.0 = Debug|Win32
		{32EAE4DB-345E-475C-9A48-65F918A38749}.Release|x64.ActiveCfg = Release|x64
		{32EAE4DB-345E-475C-9A48-65F918A38749}.Release|x64.Build.0 = Release|x64
		{32EAE4DB-345E-475C-9A48-65F918A38749}.Release|x86.ActiveCfg = Release|Win32
		{32EAE4DB-345E-475C-9A48-65F918A38749}.Release|x86.Build.0 = Release|Win32
	EndGlobalSection
	GlobalSection(SolutionProperties) = preSolution
		HideSolutionNode = FALSE
	EndGlobalSection
	GlobalSection(ExtensibilityGlobals) = postSolution
		SolutionGuid = {1AFA8980-5DEB-48A0-9EF1-22FC3255BC28}
	EndGlobalSection
EndGlobal
