<?xml version="1.0" encoding="utf-8"?>
<Project ToolsVersion="4.0" xmlns="http://schemas.microsoft.com/developer/msbuild/2003">
  <ItemGroup>
    <Filter Include="Source Files">
      <UniqueIdentifier>{4FC737F1-C7A5-4376-A066-2A32D752A2FF}</UniqueIdentifier>
      <Extensions>cpp;c;cc;cxx;def;odl;idl;hpj;bat;asm;asmx</Extensions>
    </Filter>
    <Filter Include="Header Files">
      <UniqueIdentifier>{93995380-89BD-4b04-88EB-625FBE52EBFB}</UniqueIdentifier>
      <Extensions>h;hh;hpp;hxx;hm;inl;inc;ipp;xsd</Extensions>
    </Filter>
    <Filter Include="Resource Files">
      <UniqueIdentifier>{67DA6AB6-F800-4c08-8B7A-83BB121AAD01}</UniqueIdentifier>
      <Extensions>rc;ico;cur;bmp;dlg;rc2;rct;bin;rgs;gif;jpg;jpeg;jpe;resx;tiff;tif;png;wav;mfcribbon-ms</Extensions>
    </Filter>
    <Filter Include="Robot">
      <UniqueIdentifier>{71f6c3a4-8262-4607-bf2e-c8fd4927970a}</UniqueIdentifier>
    </Filter>
    <Filter Include="OpenGL">
      <UniqueIdentifier>{58f89327-2bce-4e69-a00d-901f0ef2c054}</UniqueIdentifier>
    </Filter>
  </ItemGroup>
  <ItemGroup>
    <ClInclude Include="parallel_robot.h">
      <Filter>Header Files</Filter>
    </ClInclude>
    <ClInclude Include="stdafx.h">
      <Filter>Header Files</Filter>
    </ClInclude>
    <ClInclude Include="targetver.h">
      <Filter>Header Files</Filter>
    </ClInclude>
    <ClInclude Include="MainFrm.h">
      <Filter>Header Files</Filter>
    </ClInclude>
    <ClInclude Include="parallel_robotDoc.h">
      <Filter>Header Files</Filter>
    </ClInclude>
    <ClInclude Include="parallel_robotView.h">
      <Filter>Header Files</Filter>
    </ClInclude>
    <ClInclude Include="Resource.h">
      <Filter>Header Files</Filter>
    </ClInclude>
    <ClInclude Include="robotcontroldlg.h">
      <Filter>Header Files</Filter>
    </ClInclude>
    <ClInclude Include="robotcontrolview.h">
      <Filter>Header Files</Filter>
    </ClInclude>
    <ClInclude Include="Model.h">
      <Filter>Robot</Filter>
    </ClInclude>
    <ClInclude Include="OpenGL\Light.h">
      <Filter>OpenGL</Filter>
    </ClInclude>
    <ClInclude Include="OpenGL\Material.h">
      <Filter>OpenGL</Filter>
    </ClInclude>
    <ClInclude Include="OpenGL\MayaCamera.h">
      <Filter>OpenGL</Filter>
    </ClInclude>
    <ClInclude Include="OpenGL\OpenGLInit.h">
      <Filter>OpenGL</Filter>
    </ClInclude>
    <ClInclude Include="OpenGL\STL_File.h">
      <Filter>OpenGL</Filter>
    </ClInclude>
    <ClInclude Include="OpenGL\Vec3D.h">
      <Filter>OpenGL</Filter>
    </ClInclude>
    <ClInclude Include="OpenGL\Vector4D.h">
      <Filter>OpenGL</Filter>
    </ClInclude>
    <ClInclude Include="Robot\Robot.h">
      <Filter>Robot</Filter>
    </ClInclude>
    <ClInclude Include="OpenGL\Color.h">
      <Filter>OpenGL</Filter>
    </ClInclude>
  </ItemGroup>
  <ItemGroup>
    <ClCompile Include="parallel_robot.cpp">
      <Filter>Source Files</Filter>
    </ClCompile>
    <ClCompile Include="stdafx.cpp">
      <Filter>Source Files</Filter>
    </ClCompile>
    <ClCompile Include="MainFrm.cpp">
      <Filter>Source Files</Filter>
    </ClCompile>
    <ClCompile Include="parallel_robotDoc.cpp">
      <Filter>Source Files</Filter>
    </ClCompile>
    <ClCompile Include="parallel_robotView.cpp">
      <Filter>Source Files</Filter>
    </ClCompile>
    <ClCompile Include="robotcontroldlg.cpp">
      <Filter>Source Files</Filter>
    </ClCompile>
    <ClCompile Include="robotcontrolview.cpp">
      <Filter>Source Files</Filter>
    </ClCompile>
    <ClCompile Include="D:\b14vip - Copy\robotsimulation\Robot\Model.cpp">
      <Filter>Robot</Filter>
    </ClCompile>
    <ClCompile Include="OpenGL\Light.cpp">
      <Filter>OpenGL</Filter>
    </ClCompile>
    <ClCompile Include="OpenGL\Material.cpp">
      <Filter>OpenGL</Filter>
    </ClCompile>
    <ClCompile Include="OpenGL\OpenGLInit.cpp">
      <Filter>OpenGL</Filter>
    </ClCompile>
    <ClCompile Include="OpenGL\STL_File.cpp">
      <Filter>OpenGL</Filter>
    </ClCompile>
    <ClCompile Include="Robot\Robot.cpp">
      <Filter>Robot</Filter>
    </ClCompile>
    <ClCompile Include="OpenGL\Color.cpp">
      <Filter>OpenGL</Filter>
    </ClCompile>
  </ItemGroup>
  <ItemGroup>
    <ResourceCompile Include="parallelrobot.rc">
      <Filter>Resource Files</Filter>
    </ResourceCompile>
  </ItemGroup>
  <ItemGroup>
    <Image Include="res\userimages.bmp">
      <Filter>Resource Files</Filter>
    </Image>
    <Image Include="res\parallel_robotDoc.ico">
      <Filter>Resource Files</Filter>
    </Image>
    <Image Include="res\parallel_robot.ico">
      <Filter>Resource Files</Filter>
    </Image>
    <Image Include="res\Toolbar.bmp">
      <Filter>Resource Files</Filter>
    </Image>
    <Image Include="res\Toolbar256.bmp">
      <Filter>Resource Files</Filter>
    </Image>
  </ItemGroup>
  <ItemGroup>
    <None Include="res\parallelrobot.rc2">
      <Filter>Resource Files</Filter>
    </None>
  </ItemGroup>
  <ItemGroup>
    <Text Include="..\hinhtron.txt">
      <Filter>Source Files</Filter>
    </Text>
  </ItemGroup>
</Project>